{
  "name": "diflexmo-angular-design",
  "version": "0.0.1",
  "lockfileVersion": 1,
  "requires": true,
  "dependencies": {
    "@angular/common": {
      "version": "14.2.12",
      "resolved": "https://registry.npmjs.org/@angular/common/-/common-14.2.12.tgz",
      "integrity": "sha512-oZunh9wfInFWhNO1P8uoEs/o4u8kerKMhw8GruywKm1TV7gHDP2Fi5WHGjFqq3XYptgBTPCTSEfyLX6Cwq1PUw==",
      "requires": {
        "tslib": "^2.3.0"
      }
    },
    "@angular/compiler": {
      "version": "14.2.12",
      "resolved": "https://registry.npmjs.org/@angular/compiler/-/compiler-14.2.12.tgz",
      "integrity": "sha512-u2MH9+NRwbbFDRNiPWPexed9CnCq9+pGHLuyACSP2uR6Ik68cE6cayeZbIeoEV5vWpda/XsLmJgPJysw7dAZLQ==",
      "requires": {
        "tslib": "^2.3.0"
      }
    },
    "@angular/core": {
      "version": "14.2.12",
      "resolved": "https://registry.npmjs.org/@angular/core/-/core-14.2.12.tgz",
      "integrity": "sha512-sGQxU5u4uawwvJa6jOTmGoisJiQ5HIN/RoBw99CmoqZIVyUSg9IRJJC1KVdH8gbpWBNLkElZv21lwJTL/msWyg==",
      "requires": {
        "tslib": "^2.3.0"
      }
    },
    "@angular/platform-browser": {
      "version": "14.2.12",
      "resolved": "https://registry.npmjs.org/@angular/platform-browser/-/platform-browser-14.2.12.tgz",
      "integrity": "sha512-vOarWym8ucl1gjYWCzdwyBha+MTvL381mvTTUu8aUx6nVhHFjv4bvpjlZnZgojecqUPyxOwmPLLHvCZPJVHZYg==",
      "requires": {
        "tslib": "^2.3.0"
      }
    },
    "@angular/platform-browser-dynamic": {
      "version": "14.2.12",
      "resolved": "https://registry.npmjs.org/@angular/platform-browser-dynamic/-/platform-browser-dynamic-14.2.12.tgz",
      "integrity": "sha512-oZhNJeaBmgw8+KBSYpKz2RYqEDyETC+HJXH8dwIFcP6BqqwL2NE70FdSR7EnOa5c41MEtTmMCGhrJSFR60x5/w==",
      "requires": {
        "tslib": "^2.3.0"
      }
    },
    "@ngx-translate/core": {
      "version": "14.0.0",
      "resolved": "https://registry.npmjs.org/@ngx-translate/core/-/core-14.0.0.tgz",
      "integrity": "sha512-UevdwNCXMRCdJv//0kC8h2eSfmi02r29xeE8E9gJ1Al4D4jEJ7eiLPdjslTMc21oJNGguqqWeEVjf64SFtvw2w==",
      "requires": {
        "tslib": "^2.3.0"
      }
    },
    "@popperjs/core": {
      "version": "2.11.6",
      "resolved": "https://registry.npmjs.org/@popperjs/core/-/core-2.11.6.tgz",
      "integrity": "sha512-50/17A98tWUfQ176raKiOGXuYpLyyVMkxxG6oylzL3BPOlA6ADGdK7EYunSa4I064xerltq9TGXs8HmOk5E+vw=="
    },
    "@types/bootstrap": {
      "version": "5.2.6",
      "resolved": "https://registry.npmjs.org/@types/bootstrap/-/bootstrap-5.2.6.tgz",
      "integrity": "sha512-BlAc3YATdasbHoxMoBWODrSF6qwQO/E9X8wVxCCSa6rWjnaZfpkr2N6pUMCY6jj2+wf0muUtLySbvU9etX6YqA==",
      "dev": true,
      "requires": {
        "@popperjs/core": "^2.9.2"
      }
    },
    "angular-resize-event": {
      "version": "3.2.0",
      "resolved": "https://registry.npmjs.org/angular-resize-event/-/angular-resize-event-3.2.0.tgz",
      "integrity": "sha512-8Cx99afBcbcWAFihThuWwt0hB281eieE+2uPA+lwPAcITvvJwTEfd788m6dMwsfz2EoogrCafyF4+l0PDs8Gjw==",
      "requires": {
        "tslib": "^2.3.0"
      }
    },
    "angular-svg-icon": {
      "version": "14.0.0",
      "resolved": "https://registry.npmjs.org/angular-svg-icon/-/angular-svg-icon-14.0.0.tgz",
      "integrity": "sha512-WIEl7vp2wtacRauf/Rmfcyy5PTg5P4FHhdmm6oy3hWOY9aK/QEqEW5zzLKDXsh1djRlChLWnnC3ptaPC0wyHDw==",
      "requires": {
        "tslib": "^2.3.1"
      }
    },
    "angular-svg-icon-preloader": {
      "version": "4.0.1",
      "resolved": "https://registry.npmjs.org/angular-svg-icon-preloader/-/angular-svg-icon-preloader-4.0.1.tgz",
      "integrity": "sha512-3qkpyd467YIjx0UKKfYvi8saaxORGzPTehNXDqboO8z1VdiMXbhIgOuvVxyT3pZ2B0GDYiKp0l7OTSjDNZddhA==",
      "requires": {
        "tslib": "^2.3.0"
      }
    },
    "bootstrap": {
      "version": "5.2.3",
      "resolved": "https://registry.npmjs.org/bootstrap/-/bootstrap-5.2.3.tgz",
      "integrity": "sha512-cEKPM+fwb3cT8NzQZYEu4HilJ3anCrWqh3CHAok1p9jXqMPsPTBhU25fBckEJHJ/p+tTxTFTsFQGM+gaHpi3QQ=="
    },
    "moment": {
      "version": "2.29.4",
      "resolved": "https://registry.npmjs.org/moment/-/moment-2.29.4.tgz",
      "integrity": "sha512-5LC9SOxjSc2HF6vO2CyuTDNivEdoz2IvyJJGj6X8DJ0eFyfszE0QiEd+iXmBvUP3WHxSjFH/vIsA0EN00cgr8w=="
    },
    "rxjs": {
      "version": "7.6.0",
      "resolved": "https://registry.npmjs.org/rxjs/-/rxjs-7.6.0.tgz",
      "integrity": "sha512-DDa7d8TFNUalGC9VqXvQ1euWNN7sc63TrUCuM9J998+ViviahMIjKSOU7rfcgFOF+FCD71BhDRv4hrFz+ImDLQ==",
      "requires": {
        "tslib": "^2.1.0"
      }
    },
    "tslib": {
      "version": "2.4.1",
      "resolved": "https://registry.npmjs.org/tslib/-/tslib-2.4.1.tgz",
      "integrity": "sha512-tGyy4dAjRIEwI7BzsB0lynWgOpfqjUdq91XXAlIWD2OwKBH7oCl/GZG/HT4BOHrTlPMOASlMQ7veyTqpmRcrNA=="
    },
    "zone.js": {
      "version": "0.11.8",
      "resolved": "https://registry.npmjs.org/zone.js/-/zone.js-0.11.8.tgz",
      "integrity": "sha512-82bctBg2hKcEJ21humWIkXRlLBBmrc3nN7DFh5LGGhcyycO2S7FN8NmdvlcKaGFDNVL4/9kFLmwmInTavdJERA==",
      "requires": {
        "tslib": "^2.3.0"
      }
    }
  }
}
